
Microsoft Visual Studio Solution File, Format Version 12.00
# Visual Studio Version 16
VisualStudioVersion = 16.0.31829.152
MinimumVisualStudioVersion = 10.0.40219.1
Project("{FAE04EC0-301F-11D3-BF4B-00C04F79EFBC}") = "Task_7.1", "Task_7\Task_7.1.csproj", "{FAF5C287-175E-4853-965A-F7219A021A2A}"
EndProject
Project("{FAE04EC0-301F-11D3-BF4B-00C04F79EFBC}") = "Task_7.2", "Task_7.2\Task_7.2.csproj", "{5C320009-9F67-4CA2-BC66-094A857E54B8}"
EndProject
Global
	GlobalSection(SolutionConfigurationPlatforms) = preSolution
		Debug|Any CPU = Debug|Any CPU
		Release|Any CPU = Release|Any CPU
	EndGlobalSection
	GlobalSection(ProjectConfigurationPlatforms) = postSolution
		{FAF5C287-175E-4853-965A-F7219A021A2A}.Debug|Any CPU.ActiveCfg = Debug|Any CPU
		{FAF5C287-175E-4853-965A-F7219A021A2A}.Debug|Any CPU.Build.0 = Debug|Any CPU
		{FAF5C287-175E-4853-965A-F7219A021A2A}.Release|Any CPU.ActiveCfg = Release|Any CPU
		{FAF5C287-175E-4853-965A-F7219A021A2A}.Release|Any CPU.Build.0 = Release|Any CPU
		{5C320009-9F67-4CA2-BC66-094A857E54B8}.Debug|Any CPU.ActiveCfg = Debug|Any CPU
		{5C320009-9F67-4CA2-BC66-094A857E54B8}.Debug|Any CPU.Build.0 = Debug|Any CPU
		{5C320009-9F67-4CA2-BC66-094A857E54B8}.Release|Any CPU.ActiveCfg = Release|Any CPU
		{5C320009-9F67-4CA2-BC66-094A857E54B8}.Release|Any CPU.Build.0 = Release|Any CPU
	EndGlobalSection
	GlobalSection(SolutionProperties) = preSolution
		HideSolutionNode = FALSE
	EndGlobalSection
	GlobalSection(ExtensibilityGlobals) = postSolution
		SolutionGuid = {2897553D-C436-4D18-B9A2-42781BB87EA8}
	EndGlobalSection
EndGlobal
